// !$*UTF8*$!
{
	archiveVersion = 1;
	classes = {
	};
	objectVersion = 50;
	objects = {

/* Begin PBXBuildFile section */
		9219F9EE2687EAE2007C0C2C /* AppDelegate.swift in Sources */ = {isa = PBXBuildFile; fileRef = 9219F9ED2687EAE2007C0C2C /* AppDelegate.swift */; };
		9219F9F02687EAE2007C0C2C /* SceneDelegate.swift in Sources */ = {isa = PBXBuildFile; fileRef = 9219F9EF2687EAE2007C0C2C /* SceneDelegate.swift */; };
		9219F9F52687EAE2007C0C2C /* Main.storyboard in Resources */ = {isa = PBXBuildFile; fileRef = 9219F9F32687EAE2007C0C2C /* Main.storyboard */; };
		9219F9F72687EAE4007C0C2C /* Assets.xcassets in Resources */ = {isa = PBXBuildFile; fileRef = 9219F9F62687EAE4007C0C2C /* Assets.xcassets */; };
		9219F9FA2687EAE4007C0C2C /* LaunchScreen.storyboard in Resources */ = {isa = PBXBuildFile; fileRef = 9219F9F82687EAE4007C0C2C /* LaunchScreen.storyboard */; };
		9219FA042687EC79007C0C2C /* InitialTableViewController.swift in Sources */ = {isa = PBXBuildFile; fileRef = 9219FA032687EC79007C0C2C /* InitialTableViewController.swift */; };
		9219FA082687F90D007C0C2C /* SegueDataTransferFirstViewController.swift in Sources */ = {isa = PBXBuildFile; fileRef = 9219FA072687F90D007C0C2C /* SegueDataTransferFirstViewController.swift */; };
		9219FA0A2687FBFF007C0C2C /* SegueDataTransferSecondViewController.swift in Sources */ = {isa = PBXBuildFile; fileRef = 9219FA092687FBFF007C0C2C /* SegueDataTransferSecondViewController.swift */; };
		9219FA0C26880AD0007C0C2C /* DelegateDataTransferFirstViewController.swift in Sources */ = {isa = PBXBuildFile; fileRef = 9219FA0B26880AD0007C0C2C /* DelegateDataTransferFirstViewController.swift */; };
		9219FA0E26880AFA007C0C2C /* DelegateDataTransferSecondViewController.swift in Sources */ = {isa = PBXBuildFile; fileRef = 9219FA0D26880AFA007C0C2C /* DelegateDataTransferSecondViewController.swift */; };
		9219FA10268932DF007C0C2C /* SegueByIdentifierFirstViewController.swift in Sources */ = {isa = PBXBuildFile; fileRef = 9219FA0F268932DF007C0C2C /* SegueByIdentifierFirstViewController.swift */; };
		9219FA12268932FA007C0C2C /* SegueByIdentifierSecondViewController.swift in Sources */ = {isa = PBXBuildFile; fileRef = 9219FA11268932FA007C0C2C /* SegueByIdentifierSecondViewController.swift */; };
/* End PBXBuildFile section */

/* Begin PBXFileReference section */
		9219F9EA2687EAE2007C0C2C /* IOSmultiAPP.app */ = {isa = PBXFileReference; explicitFileType = wrapper.application; includeInIndex = 0; path = IOSmultiAPP.app; sourceTree = BUILT_PRODUCTS_DIR; };
		9219F9ED2687EAE2007C0C2C /* AppDelegate.swift */ = {isa = PBXFileReference; lastKnownFileType = sourcecode.swift; path = AppDelegate.swift; sourceTree = "<group>"; };
		9219F9EF2687EAE2007C0C2C /* SceneDelegate.swift */ = {isa = PBXFileReference; lastKnownFileType = sourcecode.swift; path = SceneDelegate.swift; sourceTree = "<group>"; };
		9219F9F42687EAE2007C0C2C /* Base */ = {isa = PBXFileReference; lastKnownFileType = file.storyboard; name = Base; path = Base.lproj/Main.storyboard; sourceTree = "<group>"; };
		9219F9F62687EAE4007C0C2C /* Assets.xcassets */ = {isa = PBXFileReference; lastKnownFileType = folder.assetcatalog; path = Assets.xcassets; sourceTree = "<group>"; };
		9219F9F92687EAE4007C0C2C /* Base */ = {isa = PBXFileReference; lastKnownFileType = file.storyboard; name = Base; path = Base.lproj/LaunchScreen.storyboard; sourceTree = "<group>"; };
		9219F9FB2687EAE4007C0C2C /* Info.plist */ = {isa = PBXFileReference; lastKnownFileType = text.plist.xml; path = Info.plist; sourceTree = "<group>"; };
		9219FA032687EC79007C0C2C /* InitialTableViewController.swift */ = {isa = PBXFileReference; lastKnownFileType = sourcecode.swift; path = InitialTableViewController.swift; sourceTree = "<group>"; };
		9219FA072687F90D007C0C2C /* SegueDataTransferFirstViewController.swift */ = {isa = PBXFileReference; lastKnownFileType = sourcecode.swift; path = SegueDataTransferFirstViewController.swift; sourceTree = "<group>"; };
		9219FA092687FBFF007C0C2C /* SegueDataTransferSecondViewController.swift */ = {isa = PBXFileReference; lastKnownFileType = sourcecode.swift; path = SegueDataTransferSecondViewController.swift; sourceTree = "<group>"; };
		9219FA0B26880AD0007C0C2C /* DelegateDataTransferFirstViewController.swift */ = {isa = PBXFileReference; lastKnownFileType = sourcecode.swift; path = DelegateDataTransferFirstViewController.swift; sourceTree = "<group>"; };
		9219FA0D26880AFA007C0C2C /* DelegateDataTransferSecondViewController.swift */ = {isa = PBXFileReference; lastKnownFileType = sourcecode.swift; path = DelegateDataTransferSecondViewController.swift; sourceTree = "<group>"; };
		9219FA0F268932DF007C0C2C /* SegueByIdentifierFirstViewController.swift */ = {isa = PBXFileReference; lastKnownFileType = sourcecode.swift; path = SegueByIdentifierFirstViewController.swift; sourceTree = "<group>"; };
		9219FA11268932FA007C0C2C /* SegueByIdentifierSecondViewController.swift */ = {isa = PBXFileReference; lastKnownFileType = sourcecode.swift; path = SegueByIdentifierSecondViewController.swift; sourceTree = "<group>"; };
/* End PBXFileReference section */

/* Begin PBXFrameworksBuildPhase section */
		9219F9E72687EAE2007C0C2C /* Frameworks */ = {
			isa = PBXFrameworksBuildPhase;
			buildActionMask = 2147483647;
			files = (
			);
			runOnlyForDeploymentPostprocessing = 0;
		};
/* End PBXFrameworksBuildPhase section */

/* Begin PBXGroup section */
		9219F9E12687EAE2007C0C2C = {
			isa = PBXGroup;
			children = (
				9219F9EC2687EAE2007C0C2C /* IOSmultiAPP */,
				9219F9EB2687EAE2007C0C2C /* Products */,
			);
			sourceTree = "<group>";
		};
		9219F9EB2687EAE2007C0C2C /* Products */ = {
			isa = PBXGroup;
			children = (
				9219F9EA2687EAE2007C0C2C /* IOSmultiAPP.app */,
			);
			name = Products;
			sourceTree = "<group>";
		};
		9219F9EC2687EAE2007C0C2C /* IOSmultiAPP */ = {
			isa = PBXGroup;
			children = (
				9219FA062687F881007C0C2C /* Model */,
				9219FA012687EAF7007C0C2C /* View */,
				9219FA052687F83C007C0C2C /* Controller */,
				9219FA022687EB0A007C0C2C /* Supporting Files */,
				9219F9F62687EAE4007C0C2C /* Assets.xcassets */,
				9219F9FB2687EAE4007C0C2C /* Info.plist */,
			);
			path = IOSmultiAPP;
			sourceTree = "<group>";
		};
		9219FA012687EAF7007C0C2C /* View */ = {
			isa = PBXGroup;
			children = (
				9219F9F32687EAE2007C0C2C /* Main.storyboard */,
				9219F9F82687EAE4007C0C2C /* LaunchScreen.storyboard */,
			);
			path = View;
			sourceTree = "<group>";
		};
		9219FA022687EB0A007C0C2C /* Supporting Files */ = {
			isa = PBXGroup;
			children = (
				9219F9ED2687EAE2007C0C2C /* AppDelegate.swift */,
				9219F9EF2687EAE2007C0C2C /* SceneDelegate.swift */,
			);
			path = "Supporting Files";
			sourceTree = "<group>";
		};
		9219FA052687F83C007C0C2C /* Controller */ = {
			isa = PBXGroup;
			children = (
				9219FA032687EC79007C0C2C /* InitialTableViewController.swift */,
				9219FA072687F90D007C0C2C /* SegueDataTransferFirstViewController.swift */,
				9219FA092687FBFF007C0C2C /* SegueDataTransferSecondViewController.swift */,
				9219FA0B26880AD0007C0C2C /* DelegateDataTransferFirstViewController.swift */,
				9219FA0D26880AFA007C0C2C /* DelegateDataTransferSecondViewController.swift */,
				9219FA0F268932DF007C0C2C /* SegueByIdentifierFirstViewController.swift */,
				9219FA11268932FA007C0C2C /* SegueByIdentifierSecondViewController.swift */,
			);
			path = Controller;
			sourceTree = "<group>";
		};
		9219FA062687F881007C0C2C /* Model */ = {
			isa = PBXGroup;
			children = (
			);
			path = Model;
			sourceTree = "<group>";
		};
/* End PBXGroup section */

/* Begin PBXNativeTarget section */
		9219F9E92687EAE2007C0C2C /* IOSmultiAPP */ = {
			isa = PBXNativeTarget;
			buildConfigurationList = 9219F9FE2687EAE4007C0C2C /* Build configuration list for PBXNativeTarget "IOSmultiAPP" */;
			buildPhases = (
				9219F9E62687EAE2007C0C2C /* Sources */,
				9219F9E72687EAE2007C0C2C /* Frameworks */,
				9219F9E82687EAE2007C0C2C /* Resources */,
			);
			buildRules = (
			);
			dependencies = (
			);
			name = IOSmultiAPP;
			productName = IOSmultiAPP;
			productReference = 9219F9EA2687EAE2007C0C2C /* IOSmultiAPP.app */;
			productType = "com.apple.product-type.application";
		};
/* End PBXNativeTarget section */

/* Begin PBXProject section */
		9219F9E22687EAE2007C0C2C /* Project object */ = {
			isa = PBXProject;
			attributes = {
				LastSwiftUpdateCheck = 1130;
				LastUpgradeCheck = 1130;
				ORGANIZATIONNAME = "Denis Medvedev";
				TargetAttributes = {
					9219F9E92687EAE2007C0C2C = {
						CreatedOnToolsVersion = 11.3.1;
					};
				};
			};
			buildConfigurationList = 9219F9E52687EAE2007C0C2C /* Build configuration list for PBXProject "IOSmultiAPP" */;
			compatibilityVersion = "Xcode 9.3";
			developmentRegion = en;
			hasScannedForEncodings = 0;
			knownRegions = (
				en,
				Base,
			);
			mainGroup = 9219F9E12687EAE2007C0C2C;
			productRefGroup = 9219F9EB2687EAE2007C0C2C /* Products */;
			projectDirPath = "";
			projectRoot = "";
			targets = (
				9219F9E92687EAE2007C0C2C /* IOSmultiAPP */,
			);
		};
/* End PBXProject section */

/* Begin PBXResourcesBuildPhase section */
		9219F9E82687EAE2007C0C2C /* Resources */ = {
			isa = PBXResourcesBuildPhase;
			buildActionMask = 2147483647;
			files = (
				9219F9FA2687EAE4007C0C2C /* LaunchScreen.storyboard in Resources */,
				9219F9F72687EAE4007C0C2C /* Assets.xcassets in Resources */,
				9219F9F52687EAE2007C0C2C /* Main.storyboard in Resources */,
			);
			runOnlyForDeploymentPostprocessing = 0;
		};
/* End PBXResourcesBuildPhase section */

/* Begin PBXSourcesBuildPhase section */
		9219F9E62687EAE2007C0C2C /* Sources */ = {
			isa = PBXSourcesBuildPhase;
			buildActionMask = 2147483647;
			files = (
				9219FA12268932FA007C0C2C /* SegueByIdentifierSecondViewController.swift in Sources */,
				9219FA0A2687FBFF007C0C2C /* SegueDataTransferSecondViewController.swift in Sources */,
				9219FA082687F90D007C0C2C /* SegueDataTransferFirstViewController.swift in Sources */,
				9219F9EE2687EAE2007C0C2C /* AppDelegate.swift in Sources */,
				9219FA10268932DF007C0C2C /* SegueByIdentifierFirstViewController.swift in Sources */,
				9219FA0C26880AD0007C0C2C /* DelegateDataTransferFirstViewController.swift in Sources */,
				9219FA042687EC79007C0C2C /* InitialTableViewController.swift in Sources */,
				9219F9F02687EAE2007C0C2C /* SceneDelegate.swift in Sources */,
				9219FA0E26880AFA007C0C2C /* DelegateDataTransferSecondViewController.swift in Sources */,
			);
			runOnlyForDeploymentPostprocessing = 0;
		};
/* End PBXSourcesBuildPhase section */

/* Begin PBXVariantGroup section */
		9219F9F32687EAE2007C0C2C /* Main.storyboard */ = {
			isa = PBXVariantGroup;
			children = (
				9219F9F42687EAE2007C0C2C /* Base */,
			);
			name = Main.storyboard;
			sourceTree = "<group>";
		};
		9219F9F82687EAE4007C0C2C /* LaunchScreen.storyboard */ = {
			isa = PBXVariantGroup;
			children = (
				9219F9F92687EAE4007C0C2C /* Base */,
			);
			name = LaunchScreen.storyboard;
			sourceTree = "<group>";
		};
/* End PBXVariantGroup section */

/* Begin XCBuildConfiguration section */
		9219F9FC2687EAE4007C0C2C /* Debug */ = {
			isa = XCBuildConfiguration;
			buildSettings = {
				ALWAYS_SEARCH_USER_PATHS = NO;
				CLANG_ANALYZER_NONNULL = YES;
				CLANG_ANALYZER_NUMBER_OBJECT_CONVERSION = YES_AGGRESSIVE;
				CLANG_CXX_LANGUAGE_STANDARD = "gnu++14";
				CLANG_CXX_LIBRARY = "libc++";
				CLANG_ENABLE_MODULES = YES;
				CLANG_ENABLE_OBJC_ARC = YES;
				CLANG_ENABLE_OBJC_WEAK = YES;
				CLANG_WARN_BLOCK_CAPTURE_AUTORELEASING = YES;
				CLANG_WARN_BOOL_CONVERSION = YES;
				CLANG_WARN_COMMA = YES;
				CLANG_WARN_CONSTANT_CONVERSION = YES;
				CLANG_WARN_DEPRECATED_OBJC_IMPLEMENTATIONS = YES;
				CLANG_WARN_DIRECT_OBJC_ISA_USAGE = YES_ERROR;
				CLANG_WARN_DOCUMENTATION_COMMENTS = YES;
				CLANG_WARN_EMPTY_BODY = YES;
				CLANG_WARN_ENUM_CONVERSION = YES;
				CLANG_WARN_INFINITE_RECURSION = YES;
				CLANG_WARN_INT_CONVERSION = YES;
				CLANG_WARN_NON_LITERAL_NULL_CONVERSION = YES;
				CLANG_WARN_OBJC_IMPLICIT_RETAIN_SELF = YES;
				CLANG_WARN_OBJC_LITERAL_CONVERSION = YES;
				CLANG_WARN_OBJC_ROOT_CLASS = YES_ERROR;
				CLANG_WARN_RANGE_LOOP_ANALYSIS = YES;
				CLANG_WARN_STRICT_PROTOTYPES = YES;
				CLANG_WARN_SUSPICIOUS_MOVE = YES;
				CLANG_WARN_UNGUARDED_AVAILABILITY = YES_AGGRESSIVE;
				CLANG_WARN_UNREACHABLE_CODE = YES;
				CLANG_WARN__DUPLICATE_METHOD_MATCH = YES;
				COPY_PHASE_STRIP = NO;
				DEBUG_INFORMATION_FORMAT = dwarf;
				ENABLE_STRICT_OBJC_MSGSEND = YES;
				ENABLE_TESTABILITY = YES;
				GCC_C_LANGUAGE_STANDARD = gnu11;
				GCC_DYNAMIC_NO_PIC = NO;
				GCC_NO_COMMON_BLOCKS = YES;
				GCC_OPTIMIZATION_LEVEL = 0;
				GCC_PREPROCESSOR_DEFINITIONS = (
					"DEBUG=1",
					"$(inherited)",
				);
				GCC_WARN_64_TO_32_BIT_CONVERSION = YES;
				GCC_WARN_ABOUT_RETURN_TYPE = YES_ERROR;
				GCC_WARN_UNDECLARED_SELECTOR = YES;
				GCC_WARN_UNINITIALIZED_AUTOS = YES_AGGRESSIVE;
				GCC_WARN_UNUSED_FUNCTION = YES;
				GCC_WARN_UNUSED_VARIABLE = YES;
				IPHONEOS_DEPLOYMENT_TARGET = 13.2;
				MTL_ENABLE_DEBUG_INFO = INCLUDE_SOURCE;
				MTL_FAST_MATH = YES;
				ONLY_ACTIVE_ARCH = YES;
				SDKROOT = iphoneos;
				SWIFT_ACTIVE_COMPILATION_CONDITIONS = DEBUG;
				SWIFT_OPTIMIZATION_LEVEL = "-Onone";
			};
			name = Debug;
		};
		9219F9FD2687EAE4007C0C2C /* Release */ = {
			isa = XCBuildConfiguration;
			buildSettings = {
				ALWAYS_SEARCH_USER_PATHS = NO;
				CLANG_ANALYZER_NONNULL = YES;
				CLANG_ANALYZER_NUMBER_OBJECT_CONVERSION = YES_AGGRESSIVE;
				CLANG_CXX_LANGUAGE_STANDARD = "gnu++14";
				CLANG_CXX_LIBRARY = "libc++";
				CLANG_ENABLE_MODULES = YES;
				CLANG_ENABLE_OBJC_ARC = YES;
				CLANG_ENABLE_OBJC_WEAK = YES;
				CLANG_WARN_BLOCK_CAPTURE_AUTORELEASING = YES;
				CLANG_WARN_BOOL_CONVERSION = YES;
				CLANG_WARN_COMMA = YES;
				CLANG_WARN_CONSTANT_CONVERSION = YES;
				CLANG_WARN_DEPRECATED_OBJC_IMPLEMENTATIONS = YES;
				CLANG_WARN_DIRECT_OBJC_ISA_USAGE = YES_ERROR;
				CLANG_WARN_DOCUMENTATION_COMMENTS = YES;
				CLANG_WARN_EMPTY_BODY = YES;
				CLANG_WARN_ENUM_CONVERSION = YES;
				CLANG_WARN_INFINITE_RECURSION = YES;
				CLANG_WARN_INT_CONVERSION = YES;
				CLANG_WARN_NON_LITERAL_NULL_CONVERSION = YES;
				CLANG_WARN_OBJC_IMPLICIT_RETAIN_SELF = YES;
				CLANG_WARN_OBJC_LITERAL_CONVERSION = YES;
				CLANG_WARN_OBJC_ROOT_CLASS = YES_ERROR;
				CLANG_WARN_RANGE_LOOP_ANALYSIS = YES;
				CLANG_WARN_STRICT_PROTOTYPES = YES;
				CLANG_WARN_SUSPICIOUS_MOVE = YES;
				CLANG_WARN_UNGUARDED_AVAILABILITY = YES_AGGRESSIVE;
				CLANG_WARN_UNREACHABLE_CODE = YES;
				CLANG_WARN__DUPLICATE_METHOD_MATCH = YES;
				COPY_PHASE_STRIP = NO;
				DEBUG_INFORMATION_FORMAT = "dwarf-with-dsym";
				ENABLE_NS_ASSERTIONS = NO;
				ENABLE_STRICT_OBJC_MSGSEND = YES;
				GCC_C_LANGUAGE_STANDARD = gnu11;
				GCC_NO_COMMON_BLOCKS = YES;
				GCC_WARN_64_TO_32_BIT_CONVERSION = YES;
				GCC_WARN_ABOUT_RETURN_TYPE = YES_ERROR;
				GCC_WARN_UNDECLARED_SELECTOR = YES;
				GCC_WARN_UNINITIALIZED_AUTOS = YES_AGGRESSIVE;
				GCC_WARN_UNUSED_FUNCTION = YES;
				GCC_WARN_UNUSED_VARIABLE = YES;
				IPHONEOS_DEPLOYMENT_TARGET = 13.2;
				MTL_ENABLE_DEBUG_INFO = NO;
				MTL_FAST_MATH = YES;
				SDKROOT = iphoneos;
				SWIFT_COMPILATION_MODE = wholemodule;
				SWIFT_OPTIMIZATION_LEVEL = "-O";
				VALIDATE_PRODUCT = YES;
			};
			name = Release;
		};
		9219F9FF2687EAE4007C0C2C /* Debug */ = {
			isa = XCBuildConfiguration;
			buildSettings = {
				ASSETCATALOG_COMPILER_APPICON_NAME = AppIcon;
				CODE_SIGN_STYLE = Automatic;
				DEVELOPMENT_TEAM = 7DF45VLQ6Z;
				INFOPLIST_FILE = IOSmultiAPP/Info.plist;
				LD_RUNPATH_SEARCH_PATHS = (
					"$(inherited)",
					"@executable_path/Frameworks",
				);
				PRODUCT_BUNDLE_IDENTIFIER = ru.mai.IOSmultiAPP;
				PRODUCT_NAME = "$(TARGET_NAME)";
				SWIFT_VERSION = 5.0;
				TARGETED_DEVICE_FAMILY = "1,2";
			};
			name = Debug;
		};
		9219FA002687EAE4007C0C2C /* Release */ = {
			isa = XCBuildConfiguration;
			buildSettings = {
				ASSETCATALOG_COMPILER_APPICON_NAME = AppIcon;
				CODE_SIGN_STYLE = Automatic;
				DEVELOPMENT_TEAM = 7DF45VLQ6Z;
				INFOPLIST_FILE = IOSmultiAPP/Info.plist;
				LD_RUNPATH_SEARCH_PATHS = (
					"$(inherited)",
					"@executable_path/Frameworks",
				);
				PRODUCT_BUNDLE_IDENTIFIER = ru.mai.IOSmultiAPP;
				PRODUCT_NAME = "$(TARGET_NAME)";
				SWIFT_VERSION = 5.0;
				TARGETED_DEVICE_FAMILY = "1,2";
			};
			name = Release;
		};
/* End XCBuildConfiguration section */

/* Begin XCConfigurationList section */
		9219F9E52687EAE2007C0C2C /* Build configuration list for PBXProject "IOSmultiAPP" */ = {
			isa = XCConfigurationList;
			buildConfigurations = (
				9219F9FC2687EAE4007C0C2C /* Debug */,
				9219F9FD2687EAE4007C0C2C /* Release */,
			);
			defaultConfigurationIsVisible = 0;
			defaultConfigurationName = Release;
		};
		9219F9FE2687EAE4007C0C2C /* Build configuration list for PBXNativeTarget "IOSmultiAPP" */ = {
			isa = XCConfigurationList;
			buildConfigurations = (
				9219F9FF2687EAE4007C0C2C /* Debug */,
				9219FA002687EAE4007C0C2C /* Release */,
			);
			defaultConfigurationIsVisible = 0;
			defaultConfigurationName = Release;
		};
/* End XCConfigurationList section */
	};
	rootObject = 9219F9E22687EAE2007C0C2C /* Project object */;
}
